
Microsoft Visual Studio Solution File, Format Version 12.00
# Visual Studio Version 17
VisualStudioVersion = 17.0.32112.339
MinimumVisualStudioVersion = 10.0.40219.1
Project("{9A19103F-16F7-4668-BE54-9A1E7A4F7556}") = "CodersNature", "CodersNature\CodersNature.csproj", "{995DC3B1-0DB8-4315-87C4-734E966A3640}"
EndProject
Project("{2150E333-8FDC-42A3-9474-1A3956D46DE8}") = "Solution Items", "Solution Items", "{AB66D19E-04CD-4616-8F5B-E4093986FCD1}"
	ProjectSection(SolutionItems) = preProject
		.editorconfig = .editorconfig
	EndProjectSection
EndProject
Global
	GlobalSection(SolutionConfigurationPlatforms) = preSolution
		Debug|Any CPU = Debug|Any CPU
		Release|Any CPU = Release|Any CPU
	EndGlobalSection
	GlobalSection(ProjectConfigurationPlatforms) = postSolution
		{995DC3B1-0DB8-4315-87C4-734E966A3640}.Debug|Any CPU.ActiveCfg = Debug|Any CPU
		{995DC3B1-0DB8-4315-87C4-734E966A3640}.Debug|Any CPU.Build.0 = Debug|Any CPU
		{995DC3B1-0DB8-4315-87C4-734E966A3640}.Release|Any CPU.ActiveCfg = Release|Any CPU
		{995DC3B1-0DB8-4315-87C4-734E966A3640}.Release|Any CPU.Build.0 = Release|Any CPU
	EndGlobalSection
	GlobalSection(SolutionProperties) = preSolution
		HideSolutionNode = FALSE
	EndGlobalSection
	GlobalSection(ExtensibilityGlobals) = postSolution
		SolutionGuid = {29AD6E6A-B509-4238-9C6D-DD61C0F4A1D3}
	EndGlobalSection
EndGlobal
